
Microsoft Visual Studio Solution File, Format Version 12.00
# Visual Studio Version 16
VisualStudioVersion = 16.0.30114.105
MinimumVisualStudioVersion = 10.0.40219.1
Project("{2150E333-8FDC-42A3-9474-1A3956D46DE8}") = "src", "src", "{91858D76-B28E-40B0-8375-E88A5FA8FC8D}"
EndProject
Project("{FAE04EC0-301F-11D3-BF4B-00C04F79EFBC}") = "WiredBrainCoffee", "src\WiredBrainCoffee\WiredBrainCoffee.csproj", "{B937BA86-DBE5-469D-8E51-E3B4A8A1EC63}"
EndProject
Project("{2150E333-8FDC-42A3-9474-1A3956D46DE8}") = "test", "test", "{2C84E019-5475-4980-99E5-F162E4FEF4A3}"
EndProject
Project("{FAE04EC0-301F-11D3-BF4B-00C04F79EFBC}") = "WiredBrainCoffee.Test", "test\WiredBrainCoffee.Test\WiredBrainCoffee.Test.csproj", "{C407DED1-92DC-46B3-8259-6D330C21DD53}"
EndProject
Global
	GlobalSection(SolutionConfigurationPlatforms) = preSolution
		Debug|Any CPU = Debug|Any CPU
		Debug|x64 = Debug|x64
		Debug|x86 = Debug|x86
		Release|Any CPU = Release|Any CPU
		Release|x64 = Release|x64
		Release|x86 = Release|x86
	EndGlobalSection
	GlobalSection(SolutionProperties) = preSolution
		HideSolutionNode = FALSE
	EndGlobalSection
	GlobalSection(ProjectConfigurationPlatforms) = postSolution
		{B937BA86-DBE5-469D-8E51-E3B4A8A1EC63}.Debug|Any CPU.ActiveCfg = Debug|Any CPU
		{B937BA86-DBE5-469D-8E51-E3B4A8A1EC63}.Debug|Any CPU.Build.0 = Debug|Any CPU
		{B937BA86-DBE5-469D-8E51-E3B4A8A1EC63}.Debug|x64.ActiveCfg = Debug|Any CPU
		{B937BA86-DBE5-469D-8E51-E3B4A8A1EC63}.Debug|x64.Build.0 = Debug|Any CPU
		{B937BA86-DBE5-469D-8E51-E3B4A8A1EC63}.Debug|x86.ActiveCfg = Debug|Any CPU
		{B937BA86-DBE5-469D-8E51-E3B4A8A1EC63}.Debug|x86.Build.0 = Debug|Any CPU
		{B937BA86-DBE5-469D-8E51-E3B4A8A1EC63}.Release|Any CPU.ActiveCfg = Release|Any CPU
		{B937BA86-DBE5-469D-8E51-E3B4A8A1EC63}.Release|Any CPU.Build.0 = Release|Any CPU
		{B937BA86-DBE5-469D-8E51-E3B4A8A1EC63}.Release|x64.ActiveCfg = Release|Any CPU
		{B937BA86-DBE5-469D-8E51-E3B4A8A1EC63}.Release|x64.Build.0 = Release|Any CPU
		{B937BA86-DBE5-469D-8E51-E3B4A8A1EC63}.Release|x86.ActiveCfg = Release|Any CPU
		{B937BA86-DBE5-469D-8E51-E3B4A8A1EC63}.Release|x86.Build.0 = Release|Any CPU
		{C407DED1-92DC-46B3-8259-6D330C21DD53}.Debug|Any CPU.ActiveCfg = Debug|Any CPU
		{C407DED1-92DC-46B3-8259-6D330C21DD53}.Debug|Any CPU.Build.0 = Debug|Any CPU
		{C407DED1-92DC-46B3-8259-6D330C21DD53}.Debug|x64.ActiveCfg = Debug|Any CPU
		{C407DED1-92DC-46B3-8259-6D330C21DD53}.Debug|x64.Build.0 = Debug|Any CPU
		{C407DED1-92DC-46B3-8259-6D330C21DD53}.Debug|x86.ActiveCfg = Debug|Any CPU
		{C407DED1-92DC-46B3-8259-6D330C21DD53}.Debug|x86.Build.0 = Debug|Any CPU
		{C407DED1-92DC-46B3-8259-6D330C21DD53}.Release|Any CPU.ActiveCfg = Release|Any CPU
		{C407DED1-92DC-46B3-8259-6D330C21DD53}.Release|Any CPU.Build.0 = Release|Any CPU
		{C407DED1-92DC-46B3-8259-6D330C21DD53}.Release|x64.ActiveCfg = Release|Any CPU
		{C407DED1-92DC-46B3-8259-6D330C21DD53}.Release|x64.Build.0 = Release|Any CPU
		{C407DED1-92DC-46B3-8259-6D330C21DD53}.Release|x86.ActiveCfg = Release|Any CPU
		{C407DED1-92DC-46B3-8259-6D330C21DD53}.Release|x86.Build.0 = Release|Any CPU
	EndGlobalSection
	GlobalSection(NestedProjects) = preSolution
		{B937BA86-DBE5-469D-8E51-E3B4A8A1EC63} = {91858D76-B28E-40B0-8375-E88A5FA8FC8D}
		{C407DED1-92DC-46B3-8259-6D330C21DD53} = {2C84E019-5475-4980-99E5-F162E4FEF4A3}
	EndGlobalSection
EndGlobal
